
Microsoft Visual Studio Solution File, Format Version 12.00
# Visual Studio Version 17
VisualStudioVersion = 17.5.33516.290
MinimumVisualStudioVersion = 10.0.40219.1
Project("{FAE04EC0-301F-11D3-BF4B-00C04F79EFBC}") = "ConsoleAppFechas", "ConsoleAppFechas\ConsoleAppFechas.csproj", "{C5F964F5-B065-4F84-9B0D-3B3615E12A53}"
EndProject
Project("{FAE04EC0-301F-11D3-BF4B-00C04F79EFBC}") = "TestProjectFecha", "TestProjectFecha\TestProjectFecha.csproj", "{DDDFD8BF-0999-4EF5-9475-DCDDCA26C667}"
EndProject
Global
	GlobalSection(SolutionConfigurationPlatforms) = preSolution
		Debug|Any CPU = Debug|Any CPU
		Release|Any CPU = Release|Any CPU
	EndGlobalSection
	GlobalSection(ProjectConfigurationPlatforms) = postSolution
		{C5F964F5-B065-4F84-9B0D-3B3615E12A53}.Debug|Any CPU.ActiveCfg = Debug|Any CPU
		{C5F964F5-B065-4F84-9B0D-3B3615E12A53}.Debug|Any CPU.Build.0 = Debug|Any CPU
		{C5F964F5-B065-4F84-9B0D-3B3615E12A53}.Release|Any CPU.ActiveCfg = Release|Any CPU
		{C5F964F5-B065-4F84-9B0D-3B3615E12A53}.Release|Any CPU.Build.0 = Release|Any CPU
		{DDDFD8BF-0999-4EF5-9475-DCDDCA26C667}.Debug|Any CPU.ActiveCfg = Debug|Any CPU
		{DDDFD8BF-0999-4EF5-9475-DCDDCA26C667}.Debug|Any CPU.Build.0 = Debug|Any CPU
		{DDDFD8BF-0999-4EF5-9475-DCDDCA26C667}.Release|Any CPU.ActiveCfg = Release|Any CPU
		{DDDFD8BF-0999-4EF5-9475-DCDDCA26C667}.Release|Any CPU.Build.0 = Release|Any CPU
	EndGlobalSection
	GlobalSection(SolutionProperties) = preSolution
		HideSolutionNode = FALSE
	EndGlobalSection
	GlobalSection(ExtensibilityGlobals) = postSolution
		SolutionGuid = {E6981B2F-443E-471E-997B-BF96CF3F031B}
	EndGlobalSection
EndGlobal
